// !$*UTF8*$!
{
	archiveVersion = 1;
	classes = {
	};
	objectVersion = 46;
	objects = {

/* Begin PBXBuildFile section */
		9A2DECFA1A6C6C5B002F1AF2 /* NSArray+Functional.h in Sources */ = {isa = PBXBuildFile; fileRef = 9D1F80131A61790700AD167E /* NSArray+Functional.h */; };
		9AAF22281A68817A00CC83D1 /* SampleFunctions.m in Sources */ = {isa = PBXBuildFile; fileRef = 9AAF22271A68817A00CC83D1 /* SampleFunctions.m */; };
		9AAF22291A68818200CC83D1 /* SampleFunctions.m in Sources */ = {isa = PBXBuildFile; fileRef = 9AAF22271A68817A00CC83D1 /* SampleFunctions.m */; };
		9AAF222B1A692E8700CC83D1 /* READ.ME in Resources */ = {isa = PBXBuildFile; fileRef = 9AAF222A1A692E8700CC83D1 /* READ.ME */; };
		9ADB47B71A6BEC69003BCF18 /* MapDemoTests.m in Sources */ = {isa = PBXBuildFile; fileRef = 9ADB47B61A6BEC69003BCF18 /* MapDemoTests.m */; };
		9ADB47B91A6BEC79003BCF18 /* ReduceDemoTests.m in Sources */ = {isa = PBXBuildFile; fileRef = 9ADB47B81A6BEC79003BCF18 /* ReduceDemoTests.m */; };
		9ADB47BB1A6BEC85003BCF18 /* FilterDemoTests.m in Sources */ = {isa = PBXBuildFile; fileRef = 9ADB47BA1A6BEC85003BCF18 /* FilterDemoTests.m */; };
		9ADB47BD1A6BECDA003BCF18 /* FirstClassFunctionTests.m in Sources */ = {isa = PBXBuildFile; fileRef = 9ADB47BC1A6BECDA003BCF18 /* FirstClassFunctionTests.m */; };
		9ADB47BF1A6BECE6003BCF18 /* FauxCurriedFunctionTests.m in Sources */ = {isa = PBXBuildFile; fileRef = 9ADB47BE1A6BECE6003BCF18 /* FauxCurriedFunctionTests.m */; };
		9ADB47C51A6C63A8003BCF18 /* NSArray+Functional.m in Sources */ = {isa = PBXBuildFile; fileRef = 9D1F80141A61790700AD167E /* NSArray+Functional.m */; };
		9ADB47C71A6C6640003BCF18 /* ArrayFunctions.m in Sources */ = {isa = PBXBuildFile; fileRef = 9ADB47C61A6C6640003BCF18 /* ArrayFunctions.m */; };
		9ADB47C81A6C6640003BCF18 /* ArrayFunctions.m in Sources */ = {isa = PBXBuildFile; fileRef = 9ADB47C61A6C6640003BCF18 /* ArrayFunctions.m */; };
		9D1F7FF01A61765E00AD167E /* main.m in Sources */ = {isa = PBXBuildFile; fileRef = 9D1F7FEF1A61765E00AD167E /* main.m */; };
		9D1F7FF31A61765E00AD167E /* AppDelegate.m in Sources */ = {isa = PBXBuildFile; fileRef = 9D1F7FF21A61765E00AD167E /* AppDelegate.m */; };
		9D1F7FF61A61765E00AD167E /* ViewController.m in Sources */ = {isa = PBXBuildFile; fileRef = 9D1F7FF51A61765E00AD167E /* ViewController.m */; };
		9D1F7FF91A61765E00AD167E /* Main.storyboard in Resources */ = {isa = PBXBuildFile; fileRef = 9D1F7FF71A61765E00AD167E /* Main.storyboard */; };
		9D1F7FFB1A61765E00AD167E /* Images.xcassets in Resources */ = {isa = PBXBuildFile; fileRef = 9D1F7FFA1A61765E00AD167E /* Images.xcassets */; };
		9D1F7FFE1A61765E00AD167E /* LaunchScreen.xib in Resources */ = {isa = PBXBuildFile; fileRef = 9D1F7FFC1A61765E00AD167E /* LaunchScreen.xib */; };
		9D1F800A1A61765E00AD167E /* MutableStateIsBadTests.m in Sources */ = {isa = PBXBuildFile; fileRef = 9D1F80091A61765E00AD167E /* MutableStateIsBadTests.m */; };
		9D1F80151A61790700AD167E /* NSArray+Functional.m in Sources */ = {isa = PBXBuildFile; fileRef = 9D1F80141A61790700AD167E /* NSArray+Functional.m */; };
/* End PBXBuildFile section */

/* Begin PBXContainerItemProxy section */
		9D1F80041A61765E00AD167E /* PBXContainerItemProxy */ = {
			isa = PBXContainerItemProxy;
			containerPortal = 9D1F7FE21A61765C00AD167E /* Project object */;
			proxyType = 1;
			remoteGlobalIDString = 9D1F7FE91A61765C00AD167E;
			remoteInfo = FunctionalProgramming;
		};
/* End PBXContainerItemProxy section */

/* Begin PBXFileReference section */
		9AAF22261A68817A00CC83D1 /* SampleFunctions.h */ = {isa = PBXFileReference; fileEncoding = 4; lastKnownFileType = sourcecode.c.h; path = SampleFunctions.h; sourceTree = "<group>"; };
		9AAF22271A68817A00CC83D1 /* SampleFunctions.m */ = {isa = PBXFileReference; fileEncoding = 4; lastKnownFileType = sourcecode.c.objc; path = SampleFunctions.m; sourceTree = "<group>"; };
		9AAF222A1A692E8700CC83D1 /* READ.ME */ = {isa = PBXFileReference; fileEncoding = 4; lastKnownFileType = text; path = READ.ME; sourceTree = "<group>"; };
		9ADB47B61A6BEC69003BCF18 /* MapDemoTests.m */ = {isa = PBXFileReference; fileEncoding = 4; lastKnownFileType = sourcecode.c.objc; path = MapDemoTests.m; sourceTree = "<group>"; };
		9ADB47B81A6BEC79003BCF18 /* ReduceDemoTests.m */ = {isa = PBXFileReference; fileEncoding = 4; lastKnownFileType = sourcecode.c.objc; path = ReduceDemoTests.m; sourceTree = "<group>"; };
		9ADB47BA1A6BEC85003BCF18 /* FilterDemoTests.m */ = {isa = PBXFileReference; fileEncoding = 4; lastKnownFileType = sourcecode.c.objc; path = FilterDemoTests.m; sourceTree = "<group>"; };
		9ADB47BC1A6BECDA003BCF18 /* FirstClassFunctionTests.m */ = {isa = PBXFileReference; fileEncoding = 4; lastKnownFileType = sourcecode.c.objc; path = FirstClassFunctionTests.m; sourceTree = "<group>"; };
		9ADB47BE1A6BECE6003BCF18 /* FauxCurriedFunctionTests.m */ = {isa = PBXFileReference; fileEncoding = 4; lastKnownFileType = sourcecode.c.objc; path = FauxCurriedFunctionTests.m; sourceTree = "<group>"; };
		9ADB47C01A6BED8E003BCF18 /* FunctionsAndClosures.playground */ = {isa = PBXFileReference; lastKnownFileType = file.playground; path = FunctionsAndClosures.playground; sourceTree = "<group>"; };
		9ADB47C11A6BED9A003BCF18 /* CurriedFunctions.playground */ = {isa = PBXFileReference; lastKnownFileType = file.playground; path = CurriedFunctions.playground; sourceTree = "<group>"; };
		9ADB47C21A6BEDA7003BCF18 /* Map.playground */ = {isa = PBXFileReference; lastKnownFileType = file.playground; path = Map.playground; sourceTree = "<group>"; };
		9ADB47C31A6BEDB2003BCF18 /* Filter.playground */ = {isa = PBXFileReference; lastKnownFileType = file.playground; path = Filter.playground; sourceTree = "<group>"; };
		9ADB47C41A6BEDC1003BCF18 /* Reduce.playground */ = {isa = PBXFileReference; lastKnownFileType = file.playground; path = Reduce.playground; sourceTree = "<group>"; };
		9ADB47C61A6C6640003BCF18 /* ArrayFunctions.m */ = {isa = PBXFileReference; fileEncoding = 4; lastKnownFileType = sourcecode.c.objc; path = ArrayFunctions.m; sourceTree = "<group>"; };
		9ADB47C91A6C6659003BCF18 /* ArrayFunctions.h */ = {isa = PBXFileReference; lastKnownFileType = sourcecode.c.h; path = ArrayFunctions.h; sourceTree = "<group>"; };
		9D1F7FEA1A61765D00AD167E /* FunctionalProgramming.app */ = {isa = PBXFileReference; explicitFileType = wrapper.application; includeInIndex = 0; path = FunctionalProgramming.app; sourceTree = BUILT_PRODUCTS_DIR; };
		9D1F7FEE1A61765E00AD167E /* Info.plist */ = {isa = PBXFileReference; lastKnownFileType = text.plist.xml; path = Info.plist; sourceTree = "<group>"; };
		9D1F7FEF1A61765E00AD167E /* main.m */ = {isa = PBXFileReference; lastKnownFileType = sourcecode.c.objc; path = main.m; sourceTree = "<group>"; };
		9D1F7FF11A61765E00AD167E /* AppDelegate.h */ = {isa = PBXFileReference; lastKnownFileType = sourcecode.c.h; path = AppDelegate.h; sourceTree = "<group>"; };
		9D1F7FF21A61765E00AD167E /* AppDelegate.m */ = {isa = PBXFileReference; lastKnownFileType = sourcecode.c.objc; path = AppDelegate.m; sourceTree = "<group>"; };
		9D1F7FF41A61765E00AD167E /* ViewController.h */ = {isa = PBXFileReference; lastKnownFileType = sourcecode.c.h; path = ViewController.h; sourceTree = "<group>"; };
		9D1F7FF51A61765E00AD167E /* ViewController.m */ = {isa = PBXFileReference; lastKnownFileType = sourcecode.c.objc; path = ViewController.m; sourceTree = "<group>"; };
		9D1F7FF81A61765E00AD167E /* Base */ = {isa = PBXFileReference; lastKnownFileType = file.storyboard; name = Base; path = Base.lproj/Main.storyboard; sourceTree = "<group>"; };
		9D1F7FFA1A61765E00AD167E /* Images.xcassets */ = {isa = PBXFileReference; lastKnownFileType = folder.assetcatalog; path = Images.xcassets; sourceTree = "<group>"; };
		9D1F7FFD1A61765E00AD167E /* Base */ = {isa = PBXFileReference; lastKnownFileType = file.xib; name = Base; path = Base.lproj/LaunchScreen.xib; sourceTree = "<group>"; };
		9D1F80031A61765E00AD167E /* FunctionalProgrammingTests.xctest */ = {isa = PBXFileReference; explicitFileType = wrapper.cfbundle; includeInIndex = 0; path = FunctionalProgrammingTests.xctest; sourceTree = BUILT_PRODUCTS_DIR; };
		9D1F80081A61765E00AD167E /* Info.plist */ = {isa = PBXFileReference; lastKnownFileType = text.plist.xml; path = Info.plist; sourceTree = "<group>"; };
		9D1F80091A61765E00AD167E /* MutableStateIsBadTests.m */ = {isa = PBXFileReference; lastKnownFileType = sourcecode.c.objc; path = MutableStateIsBadTests.m; sourceTree = "<group>"; };
		9D1F80131A61790700AD167E /* NSArray+Functional.h */ = {isa = PBXFileReference; fileEncoding = 4; lastKnownFileType = sourcecode.c.h; path = "NSArray+Functional.h"; sourceTree = "<group>"; };
		9D1F80141A61790700AD167E /* NSArray+Functional.m */ = {isa = PBXFileReference; fileEncoding = 4; lastKnownFileType = sourcecode.c.objc; path = "NSArray+Functional.m"; sourceTree = "<group>"; };
/* End PBXFileReference section */

/* Begin PBXFrameworksBuildPhase section */
		9D1F7FE71A61765C00AD167E /* Frameworks */ = {
			isa = PBXFrameworksBuildPhase;
			buildActionMask = 2147483647;
			files = (
			);
			runOnlyForDeploymentPostprocessing = 0;
		};
		9D1F80001A61765E00AD167E /* Frameworks */ = {
			isa = PBXFrameworksBuildPhase;
			buildActionMask = 2147483647;
			files = (
			);
			runOnlyForDeploymentPostprocessing = 0;
		};
/* End PBXFrameworksBuildPhase section */

/* Begin PBXGroup section */
		9D1F7FE11A61765C00AD167E = {
			isa = PBXGroup;
			children = (
				9ADB47C91A6C6659003BCF18 /* ArrayFunctions.h */,
				9ADB47C61A6C6640003BCF18 /* ArrayFunctions.m */,
				9ADB47C01A6BED8E003BCF18 /* FunctionsAndClosures.playground */,
				9ADB47C21A6BEDA7003BCF18 /* Map.playground */,
				9ADB47C31A6BEDB2003BCF18 /* Filter.playground */,
				9ADB47C41A6BEDC1003BCF18 /* Reduce.playground */,
				9ADB47C11A6BED9A003BCF18 /* CurriedFunctions.playground */,
				9AAF222A1A692E8700CC83D1 /* READ.ME */,
				9AAF22261A68817A00CC83D1 /* SampleFunctions.h */,
				9AAF22271A68817A00CC83D1 /* SampleFunctions.m */,
				9D1F80131A61790700AD167E /* NSArray+Functional.h */,
				9D1F80141A61790700AD167E /* NSArray+Functional.m */,
				9D1F7FEC1A61765D00AD167E /* FunctionalProgramming */,
				9D1F80061A61765E00AD167E /* FunctionalProgrammingTests */,
				9D1F7FEB1A61765D00AD167E /* Products */,
			);
			sourceTree = "<group>";
		};
		9D1F7FEB1A61765D00AD167E /* Products */ = {
			isa = PBXGroup;
			children = (
				9D1F7FEA1A61765D00AD167E /* FunctionalProgramming.app */,
				9D1F80031A61765E00AD167E /* FunctionalProgrammingTests.xctest */,
			);
			name = Products;
			sourceTree = "<group>";
		};
		9D1F7FEC1A61765D00AD167E /* FunctionalProgramming */ = {
			isa = PBXGroup;
			children = (
				9D1F7FF11A61765E00AD167E /* AppDelegate.h */,
				9D1F7FF21A61765E00AD167E /* AppDelegate.m */,
				9D1F7FF41A61765E00AD167E /* ViewController.h */,
				9D1F7FF51A61765E00AD167E /* ViewController.m */,
				9D1F7FF71A61765E00AD167E /* Main.storyboard */,
				9D1F7FFA1A61765E00AD167E /* Images.xcassets */,
				9D1F7FFC1A61765E00AD167E /* LaunchScreen.xib */,
				9D1F7FED1A61765D00AD167E /* Supporting Files */,
			);
			path = FunctionalProgramming;
			sourceTree = "<group>";
		};
		9D1F7FED1A61765D00AD167E /* Supporting Files */ = {
			isa = PBXGroup;
			children = (
				9D1F7FEE1A61765E00AD167E /* Info.plist */,
				9D1F7FEF1A61765E00AD167E /* main.m */,
			);
			name = "Supporting Files";
			sourceTree = "<group>";
		};
		9D1F80061A61765E00AD167E /* FunctionalProgrammingTests */ = {
			isa = PBXGroup;
			children = (
				9D1F80071A61765E00AD167E /* Supporting Files */,
				9D1F80091A61765E00AD167E /* MutableStateIsBadTests.m */,
				9ADB47B61A6BEC69003BCF18 /* MapDemoTests.m */,
				9ADB47BA1A6BEC85003BCF18 /* FilterDemoTests.m */,
				9ADB47B81A6BEC79003BCF18 /* ReduceDemoTests.m */,
				9ADB47BC1A6BECDA003BCF18 /* FirstClassFunctionTests.m */,
				9ADB47BE1A6BECE6003BCF18 /* FauxCurriedFunctionTests.m */,
			);
			path = FunctionalProgrammingTests;
			sourceTree = "<group>";
		};
		9D1F80071A61765E00AD167E /* Supporting Files */ = {
			isa = PBXGroup;
			children = (
				9D1F80081A61765E00AD167E /* Info.plist */,
			);
			name = "Supporting Files";
			sourceTree = "<group>";
		};
/* End PBXGroup section */

/* Begin PBXNativeTarget section */
		9D1F7FE91A61765C00AD167E /* FunctionalProgramming */ = {
			isa = PBXNativeTarget;
			buildConfigurationList = 9D1F800D1A61765E00AD167E /* Build configuration list for PBXNativeTarget "FunctionalProgramming" */;
			buildPhases = (
				9D1F7FE61A61765C00AD167E /* Sources */,
				9D1F7FE71A61765C00AD167E /* Frameworks */,
				9D1F7FE81A61765C00AD167E /* Resources */,
			);
			buildRules = (
			);
			dependencies = (
			);
			name = FunctionalProgramming;
			productName = FunctionalProgramming;
			productReference = 9D1F7FEA1A61765D00AD167E /* FunctionalProgramming.app */;
			productType = "com.apple.product-type.application";
		};
		9D1F80021A61765E00AD167E /* FunctionalProgrammingTests */ = {
			isa = PBXNativeTarget;
			buildConfigurationList = 9D1F80101A61765E00AD167E /* Build configuration list for PBXNativeTarget "FunctionalProgrammingTests" */;
			buildPhases = (
				9D1F7FFF1A61765E00AD167E /* Sources */,
				9D1F80001A61765E00AD167E /* Frameworks */,
				9D1F80011A61765E00AD167E /* Resources */,
			);
			buildRules = (
			);
			dependencies = (
				9D1F80051A61765E00AD167E /* PBXTargetDependency */,
			);
			name = FunctionalProgrammingTests;
			productName = FunctionalProgrammingTests;
			productReference = 9D1F80031A61765E00AD167E /* FunctionalProgrammingTests.xctest */;
			productType = "com.apple.product-type.bundle.unit-test";
		};
/* End PBXNativeTarget section */

/* Begin PBXProject section */
		9D1F7FE21A61765C00AD167E /* Project object */ = {
			isa = PBXProject;
			attributes = {
				LastUpgradeCheck = 0610;
				ORGANIZATIONNAME = TBCocoaheads;
				TargetAttributes = {
					9D1F7FE91A61765C00AD167E = {
						CreatedOnToolsVersion = 6.1.1;
					};
					9D1F80021A61765E00AD167E = {
						CreatedOnToolsVersion = 6.1.1;
						TestTargetID = 9D1F7FE91A61765C00AD167E;
					};
				};
			};
			buildConfigurationList = 9D1F7FE51A61765C00AD167E /* Build configuration list for PBXProject "FunctionalProgramming" */;
			compatibilityVersion = "Xcode 3.2";
			developmentRegion = English;
			hasScannedForEncodings = 0;
			knownRegions = (
				en,
				Base,
			);
			mainGroup = 9D1F7FE11A61765C00AD167E;
			productRefGroup = 9D1F7FEB1A61765D00AD167E /* Products */;
			projectDirPath = "";
			projectRoot = "";
			targets = (
				9D1F7FE91A61765C00AD167E /* FunctionalProgramming */,
				9D1F80021A61765E00AD167E /* FunctionalProgrammingTests */,
			);
		};
/* End PBXProject section */

/* Begin PBXResourcesBuildPhase section */
		9D1F7FE81A61765C00AD167E /* Resources */ = {
			isa = PBXResourcesBuildPhase;
			buildActionMask = 2147483647;
			files = (
				9D1F7FF91A61765E00AD167E /* Main.storyboard in Resources */,
				9D1F7FFE1A61765E00AD167E /* LaunchScreen.xib in Resources */,
				9D1F7FFB1A61765E00AD167E /* Images.xcassets in Resources */,
				9AAF222B1A692E8700CC83D1 /* READ.ME in Resources */,
			);
			runOnlyForDeploymentPostprocessing = 0;
		};
		9D1F80011A61765E00AD167E /* Resources */ = {
			isa = PBXResourcesBuildPhase;
			buildActionMask = 2147483647;
			files = (
			);
			runOnlyForDeploymentPostprocessing = 0;
		};
/* End PBXResourcesBuildPhase section */

/* Begin PBXSourcesBuildPhase section */
		9D1F7FE61A61765C00AD167E /* Sources */ = {
			isa = PBXSourcesBuildPhase;
			buildActionMask = 2147483647;
			files = (
				9D1F80151A61790700AD167E /* NSArray+Functional.m in Sources */,
				9ADB47C71A6C6640003BCF18 /* ArrayFunctions.m in Sources */,
				9D1F7FF61A61765E00AD167E /* ViewController.m in Sources */,
				9D1F7FF31A61765E00AD167E /* AppDelegate.m in Sources */,
				9AAF22281A68817A00CC83D1 /* SampleFunctions.m in Sources */,
				9D1F7FF01A61765E00AD167E /* main.m in Sources */,
			);
			runOnlyForDeploymentPostprocessing = 0;
		};
		9D1F7FFF1A61765E00AD167E /* Sources */ = {
			isa = PBXSourcesBuildPhase;
			buildActionMask = 2147483647;
			files = (
				9ADB47BB1A6BEC85003BCF18 /* FilterDemoTests.m in Sources */,
				9ADB47C81A6C6640003BCF18 /* ArrayFunctions.m in Sources */,
				9ADB47BF1A6BECE6003BCF18 /* FauxCurriedFunctionTests.m in Sources */,
				9ADB47BD1A6BECDA003BCF18 /* FirstClassFunctionTests.m in Sources */,
				9ADB47B91A6BEC79003BCF18 /* ReduceDemoTests.m in Sources */,
				9D1F800A1A61765E00AD167E /* MutableStateIsBadTests.m in Sources */,
				9ADB47C51A6C63A8003BCF18 /* NSArray+Functional.m in Sources */,
				9ADB47B71A6BEC69003BCF18 /* MapDemoTests.m in Sources */,
				9A2DECFA1A6C6C5B002F1AF2 /* NSArray+Functional.h in Sources */,
				9AAF22291A68818200CC83D1 /* SampleFunctions.m in Sources */,
			);
			runOnlyForDeploymentPostprocessing = 0;
		};
/* End PBXSourcesBuildPhase section */

/* Begin PBXTargetDependency section */
		9D1F80051A61765E00AD167E /* PBXTargetDependency */ = {
			isa = PBXTargetDependency;
			target = 9D1F7FE91A61765C00AD167E /* FunctionalProgramming */;
			targetProxy = 9D1F80041A61765E00AD167E /* PBXContainerItemProxy */;
		};
/* End PBXTargetDependency section */

/* Begin PBXVariantGroup section */
		9D1F7FF71A61765E00AD167E /* Main.storyboard */ = {
			isa = PBXVariantGroup;
			children = (
				9D1F7FF81A61765E00AD167E /* Base */,
			);
			name = Main.storyboard;
			sourceTree = "<group>";
		};
		9D1F7FFC1A61765E00AD167E /* LaunchScreen.xib */ = {
			isa = PBXVariantGroup;
			children = (
				9D1F7FFD1A61765E00AD167E /* Base */,
			);
			name = LaunchScreen.xib;
			sourceTree = "<group>";
		};
/* End PBXVariantGroup section */

/* Begin XCBuildConfiguration section */
		9D1F800B1A61765E00AD167E /* Debug */ = {
			isa = XCBuildConfiguration;
			buildSettings = {
				ALWAYS_SEARCH_USER_PATHS = NO;
				CLANG_CXX_LANGUAGE_STANDARD = "gnu++0x";
				CLANG_CXX_LIBRARY = "libc++";
				CLANG_ENABLE_MODULES = YES;
				CLANG_ENABLE_OBJC_ARC = YES;
				CLANG_WARN_BOOL_CONVERSION = YES;
				CLANG_WARN_CONSTANT_CONVERSION = YES;
				CLANG_WARN_DIRECT_OBJC_ISA_USAGE = YES_ERROR;
				CLANG_WARN_EMPTY_BODY = YES;
				CLANG_WARN_ENUM_CONVERSION = YES;
				CLANG_WARN_INT_CONVERSION = YES;
				CLANG_WARN_OBJC_ROOT_CLASS = YES_ERROR;
				CLANG_WARN_UNREACHABLE_CODE = YES;
				CLANG_WARN__DUPLICATE_METHOD_MATCH = YES;
				"CODE_SIGN_IDENTITY[sdk=iphoneos*]" = "iPhone Developer";
				COPY_PHASE_STRIP = NO;
				ENABLE_STRICT_OBJC_MSGSEND = YES;
				GCC_C_LANGUAGE_STANDARD = gnu99;
				GCC_DYNAMIC_NO_PIC = NO;
				GCC_OPTIMIZATION_LEVEL = 0;
				GCC_PREPROCESSOR_DEFINITIONS = (
					"DEBUG=1",
					"$(inherited)",
				);
				GCC_SYMBOLS_PRIVATE_EXTERN = NO;
				GCC_WARN_64_TO_32_BIT_CONVERSION = YES;
				GCC_WARN_ABOUT_RETURN_TYPE = YES_ERROR;
				GCC_WARN_UNDECLARED_SELECTOR = YES;
				GCC_WARN_UNINITIALIZED_AUTOS = YES_AGGRESSIVE;
				GCC_WARN_UNUSED_FUNCTION = YES;
				GCC_WARN_UNUSED_VARIABLE = YES;
				IPHONEOS_DEPLOYMENT_TARGET = 8.1;
				MTL_ENABLE_DEBUG_INFO = YES;
				ONLY_ACTIVE_ARCH = YES;
				SDKROOT = iphoneos;
			};
			name = Debug;
		};
		9D1F800C1A61765E00AD167E /* Release */ = {
			isa = XCBuildConfiguration;
			buildSettings = {
				ALWAYS_SEARCH_USER_PATHS = NO;
				CLANG_CXX_LANGUAGE_STANDARD = "gnu++0x";
				CLANG_CXX_LIBRARY = "libc++";
				CLANG_ENABLE_MODULES = YES;
				CLANG_ENABLE_OBJC_ARC = YES;
				CLANG_WARN_BOOL_CONVERSION = YES;
				CLANG_WARN_CONSTANT_CONVERSION = YES;
				CLANG_WARN_DIRECT_OBJC_ISA_USAGE = YES_ERROR;
				CLANG_WARN_EMPTY_BODY = YES;
				CLANG_WARN_ENUM_CONVERSION = YES;
				CLANG_WARN_INT_CONVERSION = YES;
				CLANG_WARN_OBJC_ROOT_CLASS = YES_ERROR;
				CLANG_WARN_UNREACHABLE_CODE = YES;
				CLANG_WARN__DUPLICATE_METHOD_MATCH = YES;
				"CODE_SIGN_IDENTITY[sdk=iphoneos*]" = "iPhone Developer";
				COPY_PHASE_STRIP = YES;
				ENABLE_NS_ASSERTIONS = NO;
				ENABLE_STRICT_OBJC_MSGSEND = YES;
				GCC_C_LANGUAGE_STANDARD = gnu99;
				GCC_WARN_64_TO_32_BIT_CONVERSION = YES;
				GCC_WARN_ABOUT_RETURN_TYPE = YES_ERROR;
				GCC_WARN_UNDECLARED_SELECTOR = YES;
				GCC_WARN_UNINITIALIZED_AUTOS = YES_AGGRESSIVE;
				GCC_WARN_UNUSED_FUNCTION = YES;
				GCC_WARN_UNUSED_VARIABLE = YES;
				IPHONEOS_DEPLOYMENT_TARGET = 8.1;
				MTL_ENABLE_DEBUG_INFO = NO;
				SDKROOT = iphoneos;
				VALIDATE_PRODUCT = YES;
			};
			name = Release;
		};
		9D1F800E1A61765E00AD167E /* Debug */ = {
			isa = XCBuildConfiguration;
			buildSettings = {
				ASSETCATALOG_COMPILER_APPICON_NAME = AppIcon;
				INFOPLIST_FILE = FunctionalProgramming/Info.plist;
				LD_RUNPATH_SEARCH_PATHS = "$(inherited) @executable_path/Frameworks";
				PRODUCT_NAME = "$(TARGET_NAME)";
			};
			name = Debug;
		};
		9D1F800F1A61765E00AD167E /* Release */ = {
			isa = XCBuildConfiguration;
			buildSettings = {
				ASSETCATALOG_COMPILER_APPICON_NAME = AppIcon;
				INFOPLIST_FILE = FunctionalProgramming/Info.plist;
				LD_RUNPATH_SEARCH_PATHS = "$(inherited) @executable_path/Frameworks";
				PRODUCT_NAME = "$(TARGET_NAME)";
			};
			name = Release;
		};
		9D1F80111A61765E00AD167E /* Debug */ = {
			isa = XCBuildConfiguration;
			buildSettings = {
				BUNDLE_LOADER = "$(TEST_HOST)";
				FRAMEWORK_SEARCH_PATHS = (
					"$(SDKROOT)/Developer/Library/Frameworks",
					"$(inherited)",
				);
				GCC_PREPROCESSOR_DEFINITIONS = (
					"DEBUG=1",
					"$(inherited)",
				);
				INFOPLIST_FILE = FunctionalProgrammingTests/Info.plist;
				LD_RUNPATH_SEARCH_PATHS = "$(inherited) @executable_path/Frameworks @loader_path/Frameworks";
				PRODUCT_NAME = "$(TARGET_NAME)";
				TEST_HOST = "$(BUILT_PRODUCTS_DIR)/FunctionalProgramming.app/FunctionalProgramming";
			};
			name = Debug;
		};
		9D1F80121A61765E00AD167E /* Release */ = {
			isa = XCBuildConfiguration;
			buildSettings = {
				BUNDLE_LOADER = "$(TEST_HOST)";
				FRAMEWORK_SEARCH_PATHS = (
					"$(SDKROOT)/Developer/Library/Frameworks",
					"$(inherited)",
				);
				INFOPLIST_FILE = FunctionalProgrammingTests/Info.plist;
				LD_RUNPATH_SEARCH_PATHS = "$(inherited) @executable_path/Frameworks @loader_path/Frameworks";
				PRODUCT_NAME = "$(TARGET_NAME)";
				TEST_HOST = "$(BUILT_PRODUCTS_DIR)/FunctionalProgramming.app/FunctionalProgramming";
			};
			name = Release;
		};
/* End XCBuildConfiguration section */

/* Begin XCConfigurationList section */
		9D1F7FE51A61765C00AD167E /* Build configuration list for PBXProject "FunctionalProgramming" */ = {
			isa = XCConfigurationList;
			buildConfigurations = (
				9D1F800B1A61765E00AD167E /* Debug */,
				9D1F800C1A61765E00AD167E /* Release */,
			);
			defaultConfigurationIsVisible = 0;
			defaultConfigurationName = Release;
		};
		9D1F800D1A61765E00AD167E /* Build configuration list for PBXNativeTarget "FunctionalProgramming" */ = {
			isa = XCConfigurationList;
			buildConfigurations = (
				9D1F800E1A61765E00AD167E /* Debug */,
				9D1F800F1A61765E00AD167E /* Release */,
			);
			defaultConfigurationIsVisible = 0;
			defaultConfigurationName = Release;
		};
		9D1F80101A61765E00AD167E /* Build configuration list for PBXNativeTarget "FunctionalProgrammingTests" */ = {
			isa = XCConfigurationList;
			buildConfigurations = (
				9D1F80111A61765E00AD167E /* Debug */,
				9D1F80121A61765E00AD167E /* Release */,
			);
			defaultConfigurationIsVisible = 0;
			defaultConfigurationName = Release;
		};
/* End XCConfigurationList section */
	};
	rootObject = 9D1F7FE21A61765C00AD167E /* Project object */;
}
